PODS:
  - Kingfisher (5.11.0):
    - Kingfisher/Core (= 5.11.0)
  - Kingfisher/Core (5.11.0)
  - NVActivityIndicatorView (4.8.0):
    - NVActivityIndicatorView/Presenter (= 4.8.0)
  - NVActivityIndicatorView/Presenter (4.8.0)
  - ReachabilitySwift (5.0.0)

DEPENDENCIES:
  - Kingfisher
  - NVActivityIndicatorView
  - ReachabilitySwift

SPEC REPOS:
  trunk:
    - Kingfisher
    - NVActivityIndicatorView
    - ReachabilitySwift

SPEC CHECKSUMS:
  Kingfisher: 4569606189149e19c7d9439f47e885d0679b7a90
  NVActivityIndicatorView: d24b7ebcf80af5dcd994adb650e2b6c93379270f
  ReachabilitySwift: 985039c6f7b23a1da463388634119492ff86c825

PODFILE CHECKSUM: 105baf554942f6478064ec89dd24d3b95d525262

COCOAPODS: 1.8.4
